# auto-generated by grc.converter

id: sparsdr_compressing_plutosdr_source
label: compressing_plutosdr_source
category: '[sparsdr]'

parameters:
-   id: '...'
    label: '...'
    dtype: '...'

inputs:
-   domain: stream
    dtype: ''

outputs:
-   domain: stream
    dtype: ''

templates:
    imports: import sparsdr
    make: sparsdr.compressing_plutosdr_source(${uri}, ${frequency}, ${gain})

file_format: 1
