# auto-generated by grc.converter

id: sparsdr_average_waterfall
label: Average Waterfall
category: '[SparSDR]'

parameters:
-   id: max_history
    label: History
    dtype: int
    default: '2048'

inputs:
-   domain: stream
    dtype: sc16

templates:
    imports: |-
        from PyQt5 import Qt
        from gnuradio import qtgui
        import sip
        import sparsdr
    make: "sparsdr.average_waterfall(${max_history})\nself._${id}_win = sip.wrapinstance(self.${id}.pyqwidget(),\
        \ Qt.QWidget)\n# This is not the right way, but it works as a proof of concept.\n\
        self.top_grid_layout.addWidget(self._${id}_win)\n  "

documentation: |-
    This block displays a GUI waterfall view of the average signal magnitudes
    from a SparSDR compressing USRP source.

file_format: 1
